
Microsoft Visual Studio Solution File, Format Version 12.00
# Visual Studio Version 16
VisualStudioVersion = 16.0.31112.23
MinimumVisualStudioVersion = 10.0.40219.1
Project("{9A19103F-16F7-4668-BE54-9A1E7A4F7556}") = "DAL", "DAL\DAL.csproj", "{02B33283-AD91-49F9-B32D-6B9B28F2DDCA}"
EndProject
Project("{9A19103F-16F7-4668-BE54-9A1E7A4F7556}") = "BLL", "BLL\BLL.csproj", "{AC45FA4D-E79D-4316-B859-6E2146A225AD}"
EndProject
Project("{9A19103F-16F7-4668-BE54-9A1E7A4F7556}") = "WebApi", "WebApi\WebApi.csproj", "{0CB54238-0332-4022-AACA-A2DDBE342C5F}"
EndProject
Global
	GlobalSection(SolutionConfigurationPlatforms) = preSolution
		Debug|Any CPU = Debug|Any CPU
		Release|Any CPU = Release|Any CPU
	EndGlobalSection
	GlobalSection(ProjectConfigurationPlatforms) = postSolution
		{02B33283-AD91-49F9-B32D-6B9B28F2DDCA}.Debug|Any CPU.ActiveCfg = Release|Any CPU
		{02B33283-AD91-49F9-B32D-6B9B28F2DDCA}.Debug|Any CPU.Build.0 = Release|Any CPU
		{02B33283-AD91-49F9-B32D-6B9B28F2DDCA}.Release|Any CPU.ActiveCfg = Release|Any CPU
		{02B33283-AD91-49F9-B32D-6B9B28F2DDCA}.Release|Any CPU.Build.0 = Release|Any CPU
		{AC45FA4D-E79D-4316-B859-6E2146A225AD}.Debug|Any CPU.ActiveCfg = Debug|Any CPU
		{AC45FA4D-E79D-4316-B859-6E2146A225AD}.Debug|Any CPU.Build.0 = Debug|Any CPU
		{AC45FA4D-E79D-4316-B859-6E2146A225AD}.Release|Any CPU.ActiveCfg = Release|Any CPU
		{AC45FA4D-E79D-4316-B859-6E2146A225AD}.Release|Any CPU.Build.0 = Release|Any CPU
		{0CB54238-0332-4022-AACA-A2DDBE342C5F}.Debug|Any CPU.ActiveCfg = Debug|Any CPU
		{0CB54238-0332-4022-AACA-A2DDBE342C5F}.Debug|Any CPU.Build.0 = Debug|Any CPU
		{0CB54238-0332-4022-AACA-A2DDBE342C5F}.Release|Any CPU.ActiveCfg = Release|Any CPU
		{0CB54238-0332-4022-AACA-A2DDBE342C5F}.Release|Any CPU.Build.0 = Release|Any CPU
	EndGlobalSection
	GlobalSection(SolutionProperties) = preSolution
		HideSolutionNode = FALSE
	EndGlobalSection
	GlobalSection(ExtensibilityGlobals) = postSolution
		SolutionGuid = {7DF8E2D7-F204-4461-B871-25CF82E597B6}
	EndGlobalSection
EndGlobal
